
Microsoft Visual Studio Solution File, Format Version 12.00
# Visual Studio 15
VisualStudioVersion = 15.0.27428.2002
MinimumVisualStudioVersion = 10.0.40219.1
Project("{FAE04EC0-301F-11D3-BF4B-00C04F79EFBC}") = "MovieCommentSystem", "WindowsFormsApp1\MovieCommentSystem.csproj", "{28DB69AA-9DC1-46F7-A3DD-BA13EF8D287F}"
EndProject
Global
	GlobalSection(SolutionConfigurationPlatforms) = preSolution
		Debug|Any CPU = Debug|Any CPU
		Release|Any CPU = Release|Any CPU
	EndGlobalSection
	GlobalSection(ProjectConfigurationPlatforms) = postSolution
		{28DB69AA-9DC1-46F7-A3DD-BA13EF8D287F}.Debug|Any CPU.ActiveCfg = Debug|Any CPU
		{28DB69AA-9DC1-46F7-A3DD-BA13EF8D287F}.Debug|Any CPU.Build.0 = Debug|Any CPU
		{28DB69AA-9DC1-46F7-A3DD-BA13EF8D287F}.Release|Any CPU.ActiveCfg = Release|Any CPU
		{28DB69AA-9DC1-46F7-A3DD-BA13EF8D287F}.Release|Any CPU.Build.0 = Release|Any CPU
	EndGlobalSection
	GlobalSection(SolutionProperties) = preSolution
		HideSolutionNode = FALSE
	EndGlobalSection
	GlobalSection(ExtensibilityGlobals) = postSolution
		SolutionGuid = {DBAA6707-B79F-415C-A352-A23CDEF0B847}
	EndGlobalSection
EndGlobal
